
Microsoft Visual Studio Solution File, Format Version 12.00
# Visual Studio 2013
VisualStudioVersion = 12.0.21005.1
MinimumVisualStudioVersion = 10.0.40219.1
Project("{FAE04EC0-301F-11D3-BF4B-00C04F79EFBC}") = "01. Fill the Matrix", "01. Fill the Matrix\01. Fill the Matrix.csproj", "{014971D4-3D10-42DC-A4E4-02832F44E5F2}"
EndProject
Project("{FAE04EC0-301F-11D3-BF4B-00C04F79EFBC}") = "02. Maximal Sum", "02. Maximal Sum\02. Maximal Sum.csproj", "{DD1CD604-53FF-4D94-B3BA-968D146592DA}"
EndProject
Project("{FAE04EC0-301F-11D3-BF4B-00C04F79EFBC}") = "03. Matrix shuffling", "03. Matrix shuffling\03. Matrix shuffling.csproj", "{45E2535A-0266-4170-87BF-9EE4736009FD}"
EndProject
Project("{FAE04EC0-301F-11D3-BF4B-00C04F79EFBC}") = "04. Sequence in Matrix", "04. Sequence in Matrix\04. Sequence in Matrix.csproj", "{93202686-CF6D-462E-811A-8AFC5D8B17EB}"
EndProject
Project("{FAE04EC0-301F-11D3-BF4B-00C04F79EFBC}") = "05. Collect the Coins", "05. Collect the Coins\05. Collect the Coins.csproj", "{1A338971-09CE-4E44-9FCE-5275303229A7}"
EndProject
Project("{FAE04EC0-301F-11D3-BF4B-00C04F79EFBC}") = "06. Count Symbols", "06. Count Symbols\06. Count Symbols.csproj", "{2D80458F-60C6-429C-8A6F-32D195E5D638}"
EndProject
Project("{FAE04EC0-301F-11D3-BF4B-00C04F79EFBC}") = "07. Phonebook", "07. Phonebook\07. Phonebook.csproj", "{1E435B7C-5BBF-44A9-AC5A-D913E5E4ED4E}"
EndProject
Project("{FAE04EC0-301F-11D3-BF4B-00C04F79EFBC}") = "08. Night Life", "08. Night Life\08. Night Life.csproj", "{58D8DE90-4064-4351-A4CB-903A59FD764B}"
EndProject
Global
	GlobalSection(SolutionConfigurationPlatforms) = preSolution
		Debug|Any CPU = Debug|Any CPU
		Release|Any CPU = Release|Any CPU
	EndGlobalSection
	GlobalSection(ProjectConfigurationPlatforms) = postSolution
		{014971D4-3D10-42DC-A4E4-02832F44E5F2}.Debug|Any CPU.ActiveCfg = Debug|Any CPU
		{014971D4-3D10-42DC-A4E4-02832F44E5F2}.Debug|Any CPU.Build.0 = Debug|Any CPU
		{014971D4-3D10-42DC-A4E4-02832F44E5F2}.Release|Any CPU.ActiveCfg = Release|Any CPU
		{014971D4-3D10-42DC-A4E4-02832F44E5F2}.Release|Any CPU.Build.0 = Release|Any CPU
		{DD1CD604-53FF-4D94-B3BA-968D146592DA}.Debug|Any CPU.ActiveCfg = Debug|Any CPU
		{DD1CD604-53FF-4D94-B3BA-968D146592DA}.Debug|Any CPU.Build.0 = Debug|Any CPU
		{DD1CD604-53FF-4D94-B3BA-968D146592DA}.Release|Any CPU.ActiveCfg = Release|Any CPU
		{DD1CD604-53FF-4D94-B3BA-968D146592DA}.Release|Any CPU.Build.0 = Release|Any CPU
		{45E2535A-0266-4170-87BF-9EE4736009FD}.Debug|Any CPU.ActiveCfg = Debug|Any CPU
		{45E2535A-0266-4170-87BF-9EE4736009FD}.Debug|Any CPU.Build.0 = Debug|Any CPU
		{45E2535A-0266-4170-87BF-9EE4736009FD}.Release|Any CPU.ActiveCfg = Release|Any CPU
		{45E2535A-0266-4170-87BF-9EE4736009FD}.Release|Any CPU.Build.0 = Release|Any CPU
		{93202686-CF6D-462E-811A-8AFC5D8B17EB}.Debug|Any CPU.ActiveCfg = Debug|Any CPU
		{93202686-CF6D-462E-811A-8AFC5D8B17EB}.Debug|Any CPU.Build.0 = Debug|Any CPU
		{93202686-CF6D-462E-811A-8AFC5D8B17EB}.Release|Any CPU.ActiveCfg = Release|Any CPU
		{93202686-CF6D-462E-811A-8AFC5D8B17EB}.Release|Any CPU.Build.0 = Release|Any CPU
		{1A338971-09CE-4E44-9FCE-5275303229A7}.Debug|Any CPU.ActiveCfg = Debug|Any CPU
		{1A338971-09CE-4E44-9FCE-5275303229A7}.Debug|Any CPU.Build.0 = Debug|Any CPU
		{1A338971-09CE-4E44-9FCE-5275303229A7}.Release|Any CPU.ActiveCfg = Release|Any CPU
		{1A338971-09CE-4E44-9FCE-5275303229A7}.Release|Any CPU.Build.0 = Release|Any CPU
		{2D80458F-60C6-429C-8A6F-32D195E5D638}.Debug|Any CPU.ActiveCfg = Debug|Any CPU
		{2D80458F-60C6-429C-8A6F-32D195E5D638}.Debug|Any CPU.Build.0 = Debug|Any CPU
		{2D80458F-60C6-429C-8A6F-32D195E5D638}.Release|Any CPU.ActiveCfg = Release|Any CPU
		{2D80458F-60C6-429C-8A6F-32D195E5D638}.Release|Any CPU.Build.0 = Release|Any CPU
		{1E435B7C-5BBF-44A9-AC5A-D913E5E4ED4E}.Debug|Any CPU.ActiveCfg = Debug|Any CPU
		{1E435B7C-5BBF-44A9-AC5A-D913E5E4ED4E}.Debug|Any CPU.Build.0 = Debug|Any CPU
		{1E435B7C-5BBF-44A9-AC5A-D913E5E4ED4E}.Release|Any CPU.ActiveCfg = Release|Any CPU
		{1E435B7C-5BBF-44A9-AC5A-D913E5E4ED4E}.Release|Any CPU.Build.0 = Release|Any CPU
		{58D8DE90-4064-4351-A4CB-903A59FD764B}.Debug|Any CPU.ActiveCfg = Debug|Any CPU
		{58D8DE90-4064-4351-A4CB-903A59FD764B}.Debug|Any CPU.Build.0 = Debug|Any CPU
		{58D8DE90-4064-4351-A4CB-903A59FD764B}.Release|Any CPU.ActiveCfg = Release|Any CPU
		{58D8DE90-4064-4351-A4CB-903A59FD764B}.Release|Any CPU.Build.0 = Release|Any CPU
	EndGlobalSection
	GlobalSection(SolutionProperties) = preSolution
		HideSolutionNode = FALSE
	EndGlobalSection
EndGlobal
